{
  "nodes": {
    "flakeNimbleLib": {
      "inputs": {
        "nixpkgs": [
          "nixpkgs"
        ]
      },
      "locked": {
        "lastModified": 1647920574,
        "narHash": "sha256-D3ob5QykELhyNcTnISOkjEzLlgXltwON8Ucrz5cpiQI=",
        "owner": "riinr",
        "repo": "nim-flakes-lib",
        "rev": "bfb46a1f762002f07f9d81d93dacd544c6890623",
        "type": "github"
      },
      "original": {
        "owner": "riinr",
        "ref": "master",
        "repo": "nim-flakes-lib",
        "type": "github"
      }
    },
    "nixpkgs": {
      "locked": {
        "narHash": "sha256-sK1Ow//80EKE3bAF5d+2gB8vPXw6m5TBk3wSLHvdVe0=",
        "path": "/nix/store/0yqgkbpmsk7ck4s34wk505sfdd9vils4-source",
        "type": "path"
      },
      "original": {
        "id": "nixpkgs",
        "type": "indirect"
      }
    },
    "root": {
      "inputs": {
        "flakeNimbleLib": "flakeNimbleLib",
        "nixpkgs": "nixpkgs",
        "spills": "spills",
        "src-cello-0_1_6": "src-cello-0_1_6"
      }
    },
    "spills": {
      "inputs": {
        "flakeNimbleLib": [
          "flakeNimbleLib"
        ],
        "nixpkgs": [
          "nixpkgs"
        ],
        "src-spills-0_1_3": "src-spills-0_1_3"
      },
      "locked": {
        "dir": "0_1_3",
        "lastModified": 1647934994,
        "narHash": "sha256-wCuj4DwKSBnYt2tGGGJmo262+Fd6tFs8iHRDvP7XoNM=",
        "owner": "nim-nix-pkgs",
        "repo": "spills",
        "rev": "6c549ce7b2f0442481a154006314efd36e9a16fd",
        "type": "github"
      },
      "original": {
        "dir": "0_1_3",
        "owner": "nim-nix-pkgs",
        "ref": "master",
        "repo": "spills",
        "type": "github"
      }
    },
    "src-cello-0_1_6": {
      "flake": false,
      "locked": {
        "lastModified": 1551888764,
        "narHash": "sha256-rxeRwLPBpW8Mxa2GDFnvFuQ5ZaOx+x98u6JwpZHFv98=",
        "owner": "andreaferretti",
        "repo": "cello",
        "rev": "1d3edcc4f68443bdac0f372c0ebb644184068d0e",
        "type": "github"
      },
      "original": {
        "owner": "andreaferretti",
        "ref": "refs/tags/0.1.6",
        "repo": "cello",
        "type": "github"
      }
    },
    "src-spills-0_1_3": {
      "flake": false,
      "locked": {
        "lastModified": 1541599295,
        "narHash": "sha256-jNMXZsa9h9s3lFTX8P4orPOkTpGsHzWusHzVFOXqZ7U=",
        "owner": "andreaferretti",
        "repo": "spills",
        "rev": "1d29c86654ac9568ff5c9a01945d4203037a0e98",
        "type": "github"
      },
      "original": {
        "owner": "andreaferretti",
        "ref": "refs/tags/0.1.3",
        "repo": "spills",
        "type": "github"
      }
    }
  },
  "root": "root",
  "version": 7
}
